
Microsoft Visual Studio Solution File, Format Version 12.00
# Visual Studio 15
VisualStudioVersion = 15.0.27703.2035
MinimumVisualStudioVersion = 10.0.40219.1
Project("{FAE04EC0-301F-11D3-BF4B-00C04F79EFBC}") = "FAX.API", "FAX.API\FAX.API.csproj", "{A01D8B45-1114-46A6-853F-5A6189BA362C}"
EndProject
Project("{E53339B2-1760-4266-BCC7-CA923CBCF16C}") = "docker-compose", "docker-compose.dcproj", "{B43D6BD6-CFC8-461F-AD33-73CAC58E1108}"
EndProject
Global
	GlobalSection(SolutionConfigurationPlatforms) = preSolution
		Debug|Any CPU = Debug|Any CPU
		Release|Any CPU = Release|Any CPU
	EndGlobalSection
	GlobalSection(ProjectConfigurationPlatforms) = postSolution
		{A01D8B45-1114-46A6-853F-5A6189BA362C}.Debug|Any CPU.ActiveCfg = Debug|Any CPU
		{A01D8B45-1114-46A6-853F-5A6189BA362C}.Debug|Any CPU.Build.0 = Debug|Any CPU
		{A01D8B45-1114-46A6-853F-5A6189BA362C}.Release|Any CPU.ActiveCfg = Release|Any CPU
		{A01D8B45-1114-46A6-853F-5A6189BA362C}.Release|Any CPU.Build.0 = Release|Any CPU
		{B43D6BD6-CFC8-461F-AD33-73CAC58E1108}.Debug|Any CPU.ActiveCfg = Debug|Any CPU
		{B43D6BD6-CFC8-461F-AD33-73CAC58E1108}.Debug|Any CPU.Build.0 = Debug|Any CPU
		{B43D6BD6-CFC8-461F-AD33-73CAC58E1108}.Release|Any CPU.ActiveCfg = Release|Any CPU
		{B43D6BD6-CFC8-461F-AD33-73CAC58E1108}.Release|Any CPU.Build.0 = Release|Any CPU
	EndGlobalSection
	GlobalSection(SolutionProperties) = preSolution
		HideSolutionNode = FALSE
	EndGlobalSection
	GlobalSection(ExtensibilityGlobals) = postSolution
		SolutionGuid = {D3E52AA7-67E7-4FE9-8F56-D913B2EDBB64}
	EndGlobalSection
EndGlobal
